PODS:
  - PopupBottomNavigation (0.1.0)

DEPENDENCIES:
  - PopupBottomNavigation (from `../`)

EXTERNAL SOURCES:
  PopupBottomNavigation:
    :path: "../"

SPEC CHECKSUMS:
  PopupBottomNavigation: e41d0507733a006ba59308f6253c16937c4b2b6f

PODFILE CHECKSUM: 31c936d4066f9cef57cae331e61dc51b6f1a81db

COCOAPODS: 1.12.1
