PODS:
  - PopupBottomNavigation (0.1.0)

DEPENDENCIES:
  - PopupBottomNavigation (from `../`)

EXTERNAL SOURCES:
  PopupBottomNavigation:
    :path: "../"

SPEC CHECKSUMS:
  PopupBottomNavigation: 8a375ed65baeeb960c62af382905d54a38b96281

PODFILE CHECKSUM: 31c936d4066f9cef57cae331e61dc51b6f1a81db

COCOAPODS: 1.12.1
